{
  "name": "tankar-fetch",
  "version": "0.0.0",
  "lockfileVersion": 2,
  "requires": true,
  "packages": {
    "": {
      "name": "tankar-fetch",
      "version": "0.0.0",
      "license": "ISC",
      "dependencies": {
        "tankar": "*"
      }
    },
    "../tankar": {
      "version": "0.0.0",
      "license": "ISC"
    },
    "node_modules/tankar": {
      "resolved": "../tankar",
      "link": true
    }
  },
  "dependencies": {
    "tankar": {
      "version": "file:../tankar"
    }
  }
}
